
Microsoft Visual Studio Solution File, Format Version 12.00
Project("{FAE04EC0-301F-11D3-BF4B-00C04F79EFBC}") = "Test_Client", "Test_Client.csproj", "{B63B7E28-808B-480C-9FC8-4406A78D78A1}"
EndProject
Project("{FAE04EC0-301F-11D3-BF4B-00C04F79EFBC}") = "DefinePerson", "..\DefinePerson\DefinePerson\DefinePerson.csproj", "{C877B47C-1258-42F6-92AC-4C3675120DEE}"
EndProject
Project("{FAE04EC0-301F-11D3-BF4B-00C04F79EFBC}") = "OldestFamilyMember", "..\OldestFamilyMember\OldestFamilyMember\OldestFamilyMember.csproj", "{10AD04E1-4C71-4D1B-8084-E192D75E8C6B}"
EndProject
Project("{FAE04EC0-301F-11D3-BF4B-00C04F79EFBC}") = "OpinionPoll", "..\OpinionPoll\OpinionPoll\OpinionPoll.csproj", "{FFC65536-83CD-4148-856E-8D9C1D855A95}"
EndProject
Project("{FAE04EC0-301F-11D3-BF4B-00C04F79EFBC}") = "DateCalculator", "..\DateCalculator\DateCalculator\DateCalculator.csproj", "{314992FB-5D5E-42C1-8957-9A9B0A7896BC}"
EndProject
Project("{FAE04EC0-301F-11D3-BF4B-00C04F79EFBC}") = "CompanyRoster", "..\CompanyRoster\CompanyRoster\CompanyRoster.csproj", "{B34E85BB-28D4-482F-B4FC-43661A55D5D9}"
EndProject
Global
	GlobalSection(SolutionConfigurationPlatforms) = preSolution
		Debug|Any CPU = Debug|Any CPU
		Release|Any CPU = Release|Any CPU
	EndGlobalSection
	GlobalSection(ProjectConfigurationPlatforms) = postSolution
		{B63B7E28-808B-480C-9FC8-4406A78D78A1}.Debug|Any CPU.ActiveCfg = Debug|Any CPU
		{B63B7E28-808B-480C-9FC8-4406A78D78A1}.Debug|Any CPU.Build.0 = Debug|Any CPU
		{B63B7E28-808B-480C-9FC8-4406A78D78A1}.Release|Any CPU.ActiveCfg = Release|Any CPU
		{B63B7E28-808B-480C-9FC8-4406A78D78A1}.Release|Any CPU.Build.0 = Release|Any CPU
		{C877B47C-1258-42F6-92AC-4C3675120DEE}.Debug|Any CPU.ActiveCfg = Debug|Any CPU
		{C877B47C-1258-42F6-92AC-4C3675120DEE}.Debug|Any CPU.Build.0 = Debug|Any CPU
		{C877B47C-1258-42F6-92AC-4C3675120DEE}.Release|Any CPU.ActiveCfg = Release|Any CPU
		{C877B47C-1258-42F6-92AC-4C3675120DEE}.Release|Any CPU.Build.0 = Release|Any CPU
		{10AD04E1-4C71-4D1B-8084-E192D75E8C6B}.Debug|Any CPU.ActiveCfg = Debug|Any CPU
		{10AD04E1-4C71-4D1B-8084-E192D75E8C6B}.Debug|Any CPU.Build.0 = Debug|Any CPU
		{10AD04E1-4C71-4D1B-8084-E192D75E8C6B}.Release|Any CPU.ActiveCfg = Release|Any CPU
		{10AD04E1-4C71-4D1B-8084-E192D75E8C6B}.Release|Any CPU.Build.0 = Release|Any CPU
		{FFC65536-83CD-4148-856E-8D9C1D855A95}.Debug|Any CPU.ActiveCfg = Debug|Any CPU
		{FFC65536-83CD-4148-856E-8D9C1D855A95}.Debug|Any CPU.Build.0 = Debug|Any CPU
		{FFC65536-83CD-4148-856E-8D9C1D855A95}.Release|Any CPU.ActiveCfg = Release|Any CPU
		{FFC65536-83CD-4148-856E-8D9C1D855A95}.Release|Any CPU.Build.0 = Release|Any CPU
		{314992FB-5D5E-42C1-8957-9A9B0A7896BC}.Debug|Any CPU.ActiveCfg = Debug|Any CPU
		{314992FB-5D5E-42C1-8957-9A9B0A7896BC}.Debug|Any CPU.Build.0 = Debug|Any CPU
		{314992FB-5D5E-42C1-8957-9A9B0A7896BC}.Release|Any CPU.ActiveCfg = Release|Any CPU
		{314992FB-5D5E-42C1-8957-9A9B0A7896BC}.Release|Any CPU.Build.0 = Release|Any CPU
		{B34E85BB-28D4-482F-B4FC-43661A55D5D9}.Debug|Any CPU.ActiveCfg = Debug|Any CPU
		{B34E85BB-28D4-482F-B4FC-43661A55D5D9}.Debug|Any CPU.Build.0 = Debug|Any CPU
		{B34E85BB-28D4-482F-B4FC-43661A55D5D9}.Release|Any CPU.ActiveCfg = Release|Any CPU
		{B34E85BB-28D4-482F-B4FC-43661A55D5D9}.Release|Any CPU.Build.0 = Release|Any CPU
	EndGlobalSection
EndGlobal
